
Microsoft Visual Studio Solution File, Format Version 12.00
# Visual Studio Version 16
VisualStudioVersion = 16.0.33529.622
MinimumVisualStudioVersion = 10.0.40219.1
Project("{FAE04EC0-301F-11D3-BF4B-00C04F79EFBC}") = "Tetris", "Tetris\Tetris.csproj", "{51C8E4A1-1107-440D-90C8-E0219F6FF9AE}"
EndProject
Global
	GlobalSection(SolutionConfigurationPlatforms) = preSolution
		Debug|Any CPU = Debug|Any CPU
		Release|Any CPU = Release|Any CPU
	EndGlobalSection
	GlobalSection(ProjectConfigurationPlatforms) = postSolution
		{51C8E4A1-1107-440D-90C8-E0219F6FF9AE}.Debug|Any CPU.ActiveCfg = Debug|Any CPU
		{51C8E4A1-1107-440D-90C8-E0219F6FF9AE}.Debug|Any CPU.Build.0 = Debug|Any CPU
		{51C8E4A1-1107-440D-90C8-E0219F6FF9AE}.Release|Any CPU.ActiveCfg = Release|Any CPU
		{51C8E4A1-1107-440D-90C8-E0219F6FF9AE}.Release|Any CPU.Build.0 = Release|Any CPU
	EndGlobalSection
	GlobalSection(SolutionProperties) = preSolution
		HideSolutionNode = FALSE
	EndGlobalSection
	GlobalSection(ExtensibilityGlobals) = postSolution
		SolutionGuid = {AFFE4B08-48E0-4BC1-B423-417B799EA5E5}
	EndGlobalSection
EndGlobal
